// !$*UTF8*$!
{
	archiveVersion = 1;
	classes = {
	};
	objectVersion = 56;
	objects = {

/* Begin PBXBuildFile section */
		C1BA9A0B04EB113FEB773B2B /* Pods_CurrencyWave.framework in Frameworks */ = {isa = PBXBuildFile; fileRef = 59329106F0511B2577660D88 /* Pods_CurrencyWave.framework */; };
		F8089AF52A94C7B7005F5590 /* NetworkModel.swift in Sources */ = {isa = PBXBuildFile; fileRef = F8089AF42A94C7B7005F5590 /* NetworkModel.swift */; };
		F8089AF72A94C7E3005F5590 /* NetworkController.swift in Sources */ = {isa = PBXBuildFile; fileRef = F8089AF62A94C7E3005F5590 /* NetworkController.swift */; };
		F8089AFA2A94CDDB005F5590 /* ExchangeCell.swift in Sources */ = {isa = PBXBuildFile; fileRef = F8089AF92A94CDDB005F5590 /* ExchangeCell.swift */; };
		F8089AFD2A94E587005F5590 /* ConverterController.swift in Sources */ = {isa = PBXBuildFile; fileRef = F8089AFC2A94E587005F5590 /* ConverterController.swift */; };
		F8089AFF2A94E5F7005F5590 /* ConverterCell.swift in Sources */ = {isa = PBXBuildFile; fileRef = F8089AFE2A94E5F7005F5590 /* ConverterCell.swift */; };
		F8442D3E2A8BA8DA00A80BE7 /* AppDelegate.swift in Sources */ = {isa = PBXBuildFile; fileRef = F8442D3D2A8BA8DA00A80BE7 /* AppDelegate.swift */; };
		F8442D402A8BA8DA00A80BE7 /* SceneDelegate.swift in Sources */ = {isa = PBXBuildFile; fileRef = F8442D3F2A8BA8DA00A80BE7 /* SceneDelegate.swift */; };
		F8442D422A8BA8DA00A80BE7 /* PreloaderController.swift in Sources */ = {isa = PBXBuildFile; fileRef = F8442D412A8BA8DA00A80BE7 /* PreloaderController.swift */; };
		F8442D472A8BA8DB00A80BE7 /* Assets.xcassets in Resources */ = {isa = PBXBuildFile; fileRef = F8442D462A8BA8DB00A80BE7 /* Assets.xcassets */; };
		F8442D4A2A8BA8DB00A80BE7 /* LaunchScreen.storyboard in Resources */ = {isa = PBXBuildFile; fileRef = F8442D482A8BA8DB00A80BE7 /* LaunchScreen.storyboard */; };
		F8442D532A8CC5A900A80BE7 /* TabBarController.swift in Sources */ = {isa = PBXBuildFile; fileRef = F8442D522A8CC5A900A80BE7 /* TabBarController.swift */; };
		F8442D552A8CC77300A80BE7 /* ExchangeController.swift in Sources */ = {isa = PBXBuildFile; fileRef = F8442D542A8CC77300A80BE7 /* ExchangeController.swift */; };
		F8442D592A8CC79700A80BE7 /* ChartsController.swift in Sources */ = {isa = PBXBuildFile; fileRef = F8442D582A8CC79700A80BE7 /* ChartsController.swift */; };
		F8442D5B2A8CC7A600A80BE7 /* SettingController.swift in Sources */ = {isa = PBXBuildFile; fileRef = F8442D5A2A8CC7A600A80BE7 /* SettingController.swift */; };
		F8442D5D2A8CC7BB00A80BE7 /* Localizable.strings in Resources */ = {isa = PBXBuildFile; fileRef = F8442D5C2A8CC7BB00A80BE7 /* Localizable.strings */; };
		F8442D8D2A8E339F00A80BE7 /* TradingView.swift in Sources */ = {isa = PBXBuildFile; fileRef = F8442D8C2A8E339F00A80BE7 /* TradingView.swift */; };
		F8442D8F2A8E365300A80BE7 /* UserData.swift in Sources */ = {isa = PBXBuildFile; fileRef = F8442D8E2A8E365300A80BE7 /* UserData.swift */; };
		F8442D912A8E36A900A80BE7 /* PairCell.swift in Sources */ = {isa = PBXBuildFile; fileRef = F8442D902A8E36A900A80BE7 /* PairCell.swift */; };
		F8442D932A8E469A00A80BE7 /* CountryController.swift in Sources */ = {isa = PBXBuildFile; fileRef = F8442D922A8E469A00A80BE7 /* CountryController.swift */; };
		F8442D9E2A9294E100A80BE7 /* CountryCell.swift in Sources */ = {isa = PBXBuildFile; fileRef = F8442D9D2A9294E100A80BE7 /* CountryCell.swift */; };
		F8442DA12A92A04900A80BE7 /* CurrencyCell.swift in Sources */ = {isa = PBXBuildFile; fileRef = F8442DA02A92A04900A80BE7 /* CurrencyCell.swift */; };
		F8442DA32A92A0F700A80BE7 /* CurrencyController.swift in Sources */ = {isa = PBXBuildFile; fileRef = F8442DA22A92A0F700A80BE7 /* CurrencyController.swift */; };
		F851A8C92AA1FA6900583D71 /* FirstVC.swift in Sources */ = {isa = PBXBuildFile; fileRef = F851A8C82AA1FA6900583D71 /* FirstVC.swift */; };
		F851A8CB2AA1FE2E00583D71 /* SecondVC.swift in Sources */ = {isa = PBXBuildFile; fileRef = F851A8CA2AA1FE2E00583D71 /* SecondVC.swift */; };
		F851A8CD2AA1FE8500583D71 /* ThirdVC.swift in Sources */ = {isa = PBXBuildFile; fileRef = F851A8CC2AA1FE8500583D71 /* ThirdVC.swift */; };
/* End PBXBuildFile section */

/* Begin PBXFileReference section */
		0C7A05E59F7F8CEB37A60220 /* Pods-CurrencyWave.release.xcconfig */ = {isa = PBXFileReference; includeInIndex = 1; lastKnownFileType = text.xcconfig; name = "Pods-CurrencyWave.release.xcconfig"; path = "Target Support Files/Pods-CurrencyWave/Pods-CurrencyWave.release.xcconfig"; sourceTree = "<group>"; };
		59329106F0511B2577660D88 /* Pods_CurrencyWave.framework */ = {isa = PBXFileReference; explicitFileType = wrapper.framework; includeInIndex = 0; path = Pods_CurrencyWave.framework; sourceTree = BUILT_PRODUCTS_DIR; };
		B6DAEC744A656C1ADDAC9305 /* Pods-CurrencyWave.debug.xcconfig */ = {isa = PBXFileReference; includeInIndex = 1; lastKnownFileType = text.xcconfig; name = "Pods-CurrencyWave.debug.xcconfig"; path = "Target Support Files/Pods-CurrencyWave/Pods-CurrencyWave.debug.xcconfig"; sourceTree = "<group>"; };
		F8089AF42A94C7B7005F5590 /* NetworkModel.swift */ = {isa = PBXFileReference; lastKnownFileType = sourcecode.swift; path = NetworkModel.swift; sourceTree = "<group>"; };
		F8089AF62A94C7E3005F5590 /* NetworkController.swift */ = {isa = PBXFileReference; lastKnownFileType = sourcecode.swift; path = NetworkController.swift; sourceTree = "<group>"; };
		F8089AF92A94CDDB005F5590 /* ExchangeCell.swift */ = {isa = PBXFileReference; lastKnownFileType = sourcecode.swift; path = ExchangeCell.swift; sourceTree = "<group>"; };
		F8089AFC2A94E587005F5590 /* ConverterController.swift */ = {isa = PBXFileReference; lastKnownFileType = sourcecode.swift; path = ConverterController.swift; sourceTree = "<group>"; };
		F8089AFE2A94E5F7005F5590 /* ConverterCell.swift */ = {isa = PBXFileReference; lastKnownFileType = sourcecode.swift; path = ConverterCell.swift; sourceTree = "<group>"; };
		F8442D3A2A8BA8DA00A80BE7 /* CurrencyWave.app */ = {isa = PBXFileReference; explicitFileType = wrapper.application; includeInIndex = 0; path = CurrencyWave.app; sourceTree = BUILT_PRODUCTS_DIR; };
		F8442D3D2A8BA8DA00A80BE7 /* AppDelegate.swift */ = {isa = PBXFileReference; lastKnownFileType = sourcecode.swift; path = AppDelegate.swift; sourceTree = "<group>"; };
		F8442D3F2A8BA8DA00A80BE7 /* SceneDelegate.swift */ = {isa = PBXFileReference; lastKnownFileType = sourcecode.swift; path = SceneDelegate.swift; sourceTree = "<group>"; };
		F8442D412A8BA8DA00A80BE7 /* PreloaderController.swift */ = {isa = PBXFileReference; lastKnownFileType = sourcecode.swift; path = PreloaderController.swift; sourceTree = "<group>"; };
		F8442D462A8BA8DB00A80BE7 /* Assets.xcassets */ = {isa = PBXFileReference; lastKnownFileType = folder.assetcatalog; path = Assets.xcassets; sourceTree = "<group>"; };
		F8442D492A8BA8DB00A80BE7 /* Base */ = {isa = PBXFileReference; lastKnownFileType = file.storyboard; name = Base; path = Base.lproj/LaunchScreen.storyboard; sourceTree = "<group>"; };
		F8442D4B2A8BA8DB00A80BE7 /* Info.plist */ = {isa = PBXFileReference; lastKnownFileType = text.plist.xml; path = Info.plist; sourceTree = "<group>"; };
		F8442D522A8CC5A900A80BE7 /* TabBarController.swift */ = {isa = PBXFileReference; lastKnownFileType = sourcecode.swift; path = TabBarController.swift; sourceTree = "<group>"; };
		F8442D542A8CC77300A80BE7 /* ExchangeController.swift */ = {isa = PBXFileReference; lastKnownFileType = sourcecode.swift; path = ExchangeController.swift; sourceTree = "<group>"; };
		F8442D582A8CC79700A80BE7 /* ChartsController.swift */ = {isa = PBXFileReference; lastKnownFileType = sourcecode.swift; path = ChartsController.swift; sourceTree = "<group>"; };
		F8442D5A2A8CC7A600A80BE7 /* SettingController.swift */ = {isa = PBXFileReference; lastKnownFileType = sourcecode.swift; path = SettingController.swift; sourceTree = "<group>"; };
		F8442D5C2A8CC7BB00A80BE7 /* Localizable.strings */ = {isa = PBXFileReference; lastKnownFileType = text.plist.strings; path = Localizable.strings; sourceTree = "<group>"; };
		F8442D8C2A8E339F00A80BE7 /* TradingView.swift */ = {isa = PBXFileReference; lastKnownFileType = sourcecode.swift; path = TradingView.swift; sourceTree = "<group>"; };
		F8442D8E2A8E365300A80BE7 /* UserData.swift */ = {isa = PBXFileReference; lastKnownFileType = sourcecode.swift; path = UserData.swift; sourceTree = "<group>"; };
		F8442D902A8E36A900A80BE7 /* PairCell.swift */ = {isa = PBXFileReference; lastKnownFileType = sourcecode.swift; path = PairCell.swift; sourceTree = "<group>"; };
		F8442D922A8E469A00A80BE7 /* CountryController.swift */ = {isa = PBXFileReference; lastKnownFileType = sourcecode.swift; path = CountryController.swift; sourceTree = "<group>"; };
		F8442D9D2A9294E100A80BE7 /* CountryCell.swift */ = {isa = PBXFileReference; lastKnownFileType = sourcecode.swift; path = CountryCell.swift; sourceTree = "<group>"; };
		F8442DA02A92A04900A80BE7 /* CurrencyCell.swift */ = {isa = PBXFileReference; lastKnownFileType = sourcecode.swift; path = CurrencyCell.swift; sourceTree = "<group>"; };
		F8442DA22A92A0F700A80BE7 /* CurrencyController.swift */ = {isa = PBXFileReference; lastKnownFileType = sourcecode.swift; path = CurrencyController.swift; sourceTree = "<group>"; };
		F851A8C82AA1FA6900583D71 /* FirstVC.swift */ = {isa = PBXFileReference; lastKnownFileType = sourcecode.swift; path = FirstVC.swift; sourceTree = "<group>"; };
		F851A8CA2AA1FE2E00583D71 /* SecondVC.swift */ = {isa = PBXFileReference; lastKnownFileType = sourcecode.swift; path = SecondVC.swift; sourceTree = "<group>"; };
		F851A8CC2AA1FE8500583D71 /* ThirdVC.swift */ = {isa = PBXFileReference; lastKnownFileType = sourcecode.swift; path = ThirdVC.swift; sourceTree = "<group>"; };
/* End PBXFileReference section */

/* Begin PBXFrameworksBuildPhase section */
		F8442D372A8BA8DA00A80BE7 /* Frameworks */ = {
			isa = PBXFrameworksBuildPhase;
			buildActionMask = 2147483647;
			files = (
				C1BA9A0B04EB113FEB773B2B /* Pods_CurrencyWave.framework in Frameworks */,
			);
			runOnlyForDeploymentPostprocessing = 0;
		};
/* End PBXFrameworksBuildPhase section */

/* Begin PBXGroup section */
		A2E00824F6CE4AC419B96A0B /* Frameworks */ = {
			isa = PBXGroup;
			children = (
				59329106F0511B2577660D88 /* Pods_CurrencyWave.framework */,
			);
			name = Frameworks;
			sourceTree = "<group>";
		};
		D1807F88F954233EF520462A /* Pods */ = {
			isa = PBXGroup;
			children = (
				B6DAEC744A656C1ADDAC9305 /* Pods-CurrencyWave.debug.xcconfig */,
				0C7A05E59F7F8CEB37A60220 /* Pods-CurrencyWave.release.xcconfig */,
			);
			path = Pods;
			sourceTree = "<group>";
		};
		F8089AF32A94C7AD005F5590 /* Network */ = {
			isa = PBXGroup;
			children = (
				F8089AF42A94C7B7005F5590 /* NetworkModel.swift */,
				F8089AF62A94C7E3005F5590 /* NetworkController.swift */,
			);
			path = Network;
			sourceTree = "<group>";
		};
		F8089AF82A94CDCF005F5590 /* Exchange */ = {
			isa = PBXGroup;
			children = (
				F8442D542A8CC77300A80BE7 /* ExchangeController.swift */,
				F8089AF92A94CDDB005F5590 /* ExchangeCell.swift */,
			);
			path = Exchange;
			sourceTree = "<group>";
		};
		F8089AFB2A94E50F005F5590 /* Converter */ = {
			isa = PBXGroup;
			children = (
				F8089AFC2A94E587005F5590 /* ConverterController.swift */,
				F8089AFE2A94E5F7005F5590 /* ConverterCell.swift */,
			);
			path = Converter;
			sourceTree = "<group>";
		};
		F8442D312A8BA8DA00A80BE7 = {
			isa = PBXGroup;
			children = (
				F8442D3C2A8BA8DA00A80BE7 /* CurrencyWave */,
				F8442D3B2A8BA8DA00A80BE7 /* Products */,
				D1807F88F954233EF520462A /* Pods */,
				A2E00824F6CE4AC419B96A0B /* Frameworks */,
			);
			sourceTree = "<group>";
		};
		F8442D3B2A8BA8DA00A80BE7 /* Products */ = {
			isa = PBXGroup;
			children = (
				F8442D3A2A8BA8DA00A80BE7 /* CurrencyWave.app */,
			);
			name = Products;
			sourceTree = "<group>";
		};
		F8442D3C2A8BA8DA00A80BE7 /* CurrencyWave */ = {
			isa = PBXGroup;
			children = (
				F851A8C72AA1FA5C00583D71 /* Onboarding */,
				F8089AF32A94C7AD005F5590 /* Network */,
				F8442D512A8CC51200A80BE7 /* TabBar */,
				F8442D3D2A8BA8DA00A80BE7 /* AppDelegate.swift */,
				F8442D3F2A8BA8DA00A80BE7 /* SceneDelegate.swift */,
				F8442D462A8BA8DB00A80BE7 /* Assets.xcassets */,
				F8442D482A8BA8DB00A80BE7 /* LaunchScreen.storyboard */,
				F8442D4B2A8BA8DB00A80BE7 /* Info.plist */,
				F8442D5C2A8CC7BB00A80BE7 /* Localizable.strings */,
			);
			path = CurrencyWave;
			sourceTree = "<group>";
		};
		F8442D512A8CC51200A80BE7 /* TabBar */ = {
			isa = PBXGroup;
			children = (
				F8089AFB2A94E50F005F5590 /* Converter */,
				F8089AF82A94CDCF005F5590 /* Exchange */,
				F8442D9F2A92A04200A80BE7 /* Currency */,
				F8442D9C2A9294D300A80BE7 /* Country */,
				F8442D942A8E476B00A80BE7 /* Charts */,
				F8442D522A8CC5A900A80BE7 /* TabBarController.swift */,
				F8442D5A2A8CC7A600A80BE7 /* SettingController.swift */,
				F8442D8E2A8E365300A80BE7 /* UserData.swift */,
			);
			path = TabBar;
			sourceTree = "<group>";
		};
		F8442D942A8E476B00A80BE7 /* Charts */ = {
			isa = PBXGroup;
			children = (
				F8442D582A8CC79700A80BE7 /* ChartsController.swift */,
				F8442D8C2A8E339F00A80BE7 /* TradingView.swift */,
				F8442D902A8E36A900A80BE7 /* PairCell.swift */,
			);
			path = Charts;
			sourceTree = "<group>";
		};
		F8442D9C2A9294D300A80BE7 /* Country */ = {
			isa = PBXGroup;
			children = (
				F8442D922A8E469A00A80BE7 /* CountryController.swift */,
				F8442D9D2A9294E100A80BE7 /* CountryCell.swift */,
			);
			path = Country;
			sourceTree = "<group>";
		};
		F8442D9F2A92A04200A80BE7 /* Currency */ = {
			isa = PBXGroup;
			children = (
				F8442DA02A92A04900A80BE7 /* CurrencyCell.swift */,
				F8442DA22A92A0F700A80BE7 /* CurrencyController.swift */,
			);
			path = Currency;
			sourceTree = "<group>";
		};
		F851A8C72AA1FA5C00583D71 /* Onboarding */ = {
			isa = PBXGroup;
			children = (
				F8442D412A8BA8DA00A80BE7 /* PreloaderController.swift */,
				F851A8C82AA1FA6900583D71 /* FirstVC.swift */,
				F851A8CA2AA1FE2E00583D71 /* SecondVC.swift */,
				F851A8CC2AA1FE8500583D71 /* ThirdVC.swift */,
			);
			path = Onboarding;
			sourceTree = "<group>";
		};
/* End PBXGroup section */

/* Begin PBXNativeTarget section */
		F8442D392A8BA8DA00A80BE7 /* CurrencyWave */ = {
			isa = PBXNativeTarget;
			buildConfigurationList = F8442D4E2A8BA8DB00A80BE7 /* Build configuration list for PBXNativeTarget "CurrencyWave" */;
			buildPhases = (
				974B3F937C3472A57810179E /* [CP] Check Pods Manifest.lock */,
				F8442D362A8BA8DA00A80BE7 /* Sources */,
				F8442D372A8BA8DA00A80BE7 /* Frameworks */,
				F8442D382A8BA8DA00A80BE7 /* Resources */,
				8B9A5F0CEB0C085A2572F7CC /* [CP] Embed Pods Frameworks */,
			);
			buildRules = (
			);
			dependencies = (
			);
			name = CurrencyWave;
			productName = CurrencyWave;
			productReference = F8442D3A2A8BA8DA00A80BE7 /* CurrencyWave.app */;
			productType = "com.apple.product-type.application";
		};
/* End PBXNativeTarget section */

/* Begin PBXProject section */
		F8442D322A8BA8DA00A80BE7 /* Project object */ = {
			isa = PBXProject;
			attributes = {
				BuildIndependentTargetsInParallel = 1;
				LastSwiftUpdateCheck = 1400;
				LastUpgradeCheck = 1400;
				TargetAttributes = {
					F8442D392A8BA8DA00A80BE7 = {
						CreatedOnToolsVersion = 14.0.1;
					};
				};
			};
			buildConfigurationList = F8442D352A8BA8DA00A80BE7 /* Build configuration list for PBXProject "CurrencyWave" */;
			compatibilityVersion = "Xcode 14.0";
			developmentRegion = en;
			hasScannedForEncodings = 0;
			knownRegions = (
				en,
				Base,
			);
			mainGroup = F8442D312A8BA8DA00A80BE7;
			productRefGroup = F8442D3B2A8BA8DA00A80BE7 /* Products */;
			projectDirPath = "";
			projectRoot = "";
			targets = (
				F8442D392A8BA8DA00A80BE7 /* CurrencyWave */,
			);
		};
/* End PBXProject section */

/* Begin PBXResourcesBuildPhase section */
		F8442D382A8BA8DA00A80BE7 /* Resources */ = {
			isa = PBXResourcesBuildPhase;
			buildActionMask = 2147483647;
			files = (
				F8442D4A2A8BA8DB00A80BE7 /* LaunchScreen.storyboard in Resources */,
				F8442D5D2A8CC7BB00A80BE7 /* Localizable.strings in Resources */,
				F8442D472A8BA8DB00A80BE7 /* Assets.xcassets in Resources */,
			);
			runOnlyForDeploymentPostprocessing = 0;
		};
/* End PBXResourcesBuildPhase section */

/* Begin PBXShellScriptBuildPhase section */
		8B9A5F0CEB0C085A2572F7CC /* [CP] Embed Pods Frameworks */ = {
			isa = PBXShellScriptBuildPhase;
			buildActionMask = 2147483647;
			files = (
			);
			inputFileListPaths = (
				"${PODS_ROOT}/Target Support Files/Pods-CurrencyWave/Pods-CurrencyWave-frameworks-${CONFIGURATION}-input-files.xcfilelist",
			);
			name = "[CP] Embed Pods Frameworks";
			outputFileListPaths = (
				"${PODS_ROOT}/Target Support Files/Pods-CurrencyWave/Pods-CurrencyWave-frameworks-${CONFIGURATION}-output-files.xcfilelist",
			);
			runOnlyForDeploymentPostprocessing = 0;
			shellPath = /bin/sh;
			shellScript = "\"${PODS_ROOT}/Target Support Files/Pods-CurrencyWave/Pods-CurrencyWave-frameworks.sh\"\n";
			showEnvVarsInLog = 0;
		};
		974B3F937C3472A57810179E /* [CP] Check Pods Manifest.lock */ = {
			isa = PBXShellScriptBuildPhase;
			buildActionMask = 2147483647;
			files = (
			);
			inputFileListPaths = (
			);
			inputPaths = (
				"${PODS_PODFILE_DIR_PATH}/Podfile.lock",
				"${PODS_ROOT}/Manifest.lock",
			);
			name = "[CP] Check Pods Manifest.lock";
			outputFileListPaths = (
			);
			outputPaths = (
				"$(DERIVED_FILE_DIR)/Pods-CurrencyWave-checkManifestLockResult.txt",
			);
			runOnlyForDeploymentPostprocessing = 0;
			shellPath = /bin/sh;
			shellScript = "diff \"${PODS_PODFILE_DIR_PATH}/Podfile.lock\" \"${PODS_ROOT}/Manifest.lock\" > /dev/null\nif [ $? != 0 ] ; then\n    # print error to STDERR\n    echo \"error: The sandbox is not in sync with the Podfile.lock. Run 'pod install' or update your CocoaPods installation.\" >&2\n    exit 1\nfi\n# This output is used by Xcode 'outputs' to avoid re-running this script phase.\necho \"SUCCESS\" > \"${SCRIPT_OUTPUT_FILE_0}\"\n";
			showEnvVarsInLog = 0;
		};
/* End PBXShellScriptBuildPhase section */

/* Begin PBXSourcesBuildPhase section */
		F8442D362A8BA8DA00A80BE7 /* Sources */ = {
			isa = PBXSourcesBuildPhase;
			buildActionMask = 2147483647;
			files = (
				F8089AFA2A94CDDB005F5590 /* ExchangeCell.swift in Sources */,
				F8442D422A8BA8DA00A80BE7 /* PreloaderController.swift in Sources */,
				F8442D592A8CC79700A80BE7 /* ChartsController.swift in Sources */,
				F8089AFD2A94E587005F5590 /* ConverterController.swift in Sources */,
				F8442DA32A92A0F700A80BE7 /* CurrencyController.swift in Sources */,
				F8089AF72A94C7E3005F5590 /* NetworkController.swift in Sources */,
				F8442D532A8CC5A900A80BE7 /* TabBarController.swift in Sources */,
				F8442D3E2A8BA8DA00A80BE7 /* AppDelegate.swift in Sources */,
				F8089AFF2A94E5F7005F5590 /* ConverterCell.swift in Sources */,
				F8442D912A8E36A900A80BE7 /* PairCell.swift in Sources */,
				F8442DA12A92A04900A80BE7 /* CurrencyCell.swift in Sources */,
				F8442D5B2A8CC7A600A80BE7 /* SettingController.swift in Sources */,
				F8089AF52A94C7B7005F5590 /* NetworkModel.swift in Sources */,
				F851A8C92AA1FA6900583D71 /* FirstVC.swift in Sources */,
				F8442D932A8E469A00A80BE7 /* CountryController.swift in Sources */,
				F8442D552A8CC77300A80BE7 /* ExchangeController.swift in Sources */,
				F851A8CB2AA1FE2E00583D71 /* SecondVC.swift in Sources */,
				F8442D8D2A8E339F00A80BE7 /* TradingView.swift in Sources */,
				F851A8CD2AA1FE8500583D71 /* ThirdVC.swift in Sources */,
				F8442D8F2A8E365300A80BE7 /* UserData.swift in Sources */,
				F8442D9E2A9294E100A80BE7 /* CountryCell.swift in Sources */,
				F8442D402A8BA8DA00A80BE7 /* SceneDelegate.swift in Sources */,
			);
			runOnlyForDeploymentPostprocessing = 0;
		};
/* End PBXSourcesBuildPhase section */

/* Begin PBXVariantGroup section */
		F8442D482A8BA8DB00A80BE7 /* LaunchScreen.storyboard */ = {
			isa = PBXVariantGroup;
			children = (
				F8442D492A8BA8DB00A80BE7 /* Base */,
			);
			name = LaunchScreen.storyboard;
			sourceTree = "<group>";
		};
/* End PBXVariantGroup section */

/* Begin XCBuildConfiguration section */
		F8442D4C2A8BA8DB00A80BE7 /* Debug */ = {
			isa = XCBuildConfiguration;
			buildSettings = {
				ALWAYS_SEARCH_USER_PATHS = NO;
				CLANG_ANALYZER_NONNULL = YES;
				CLANG_ANALYZER_NUMBER_OBJECT_CONVERSION = YES_AGGRESSIVE;
				CLANG_CXX_LANGUAGE_STANDARD = "gnu++20";
				CLANG_ENABLE_MODULES = YES;
				CLANG_ENABLE_OBJC_ARC = YES;
				CLANG_ENABLE_OBJC_WEAK = YES;
				CLANG_WARN_BLOCK_CAPTURE_AUTORELEASING = YES;
				CLANG_WARN_BOOL_CONVERSION = YES;
				CLANG_WARN_COMMA = YES;
				CLANG_WARN_CONSTANT_CONVERSION = YES;
				CLANG_WARN_DEPRECATED_OBJC_IMPLEMENTATIONS = YES;
				CLANG_WARN_DIRECT_OBJC_ISA_USAGE = YES_ERROR;
				CLANG_WARN_DOCUMENTATION_COMMENTS = YES;
				CLANG_WARN_EMPTY_BODY = YES;
				CLANG_WARN_ENUM_CONVERSION = YES;
				CLANG_WARN_INFINITE_RECURSION = YES;
				CLANG_WARN_INT_CONVERSION = YES;
				CLANG_WARN_NON_LITERAL_NULL_CONVERSION = YES;
				CLANG_WARN_OBJC_IMPLICIT_RETAIN_SELF = YES;
				CLANG_WARN_OBJC_LITERAL_CONVERSION = YES;
				CLANG_WARN_OBJC_ROOT_CLASS = YES_ERROR;
				CLANG_WARN_QUOTED_INCLUDE_IN_FRAMEWORK_HEADER = YES;
				CLANG_WARN_RANGE_LOOP_ANALYSIS = YES;
				CLANG_WARN_STRICT_PROTOTYPES = YES;
				CLANG_WARN_SUSPICIOUS_MOVE = YES;
				CLANG_WARN_UNGUARDED_AVAILABILITY = YES_AGGRESSIVE;
				CLANG_WARN_UNREACHABLE_CODE = YES;
				CLANG_WARN__DUPLICATE_METHOD_MATCH = YES;
				COPY_PHASE_STRIP = NO;
				DEBUG_INFORMATION_FORMAT = dwarf;
				ENABLE_STRICT_OBJC_MSGSEND = YES;
				ENABLE_TESTABILITY = YES;
				GCC_C_LANGUAGE_STANDARD = gnu11;
				GCC_DYNAMIC_NO_PIC = NO;
				GCC_NO_COMMON_BLOCKS = YES;
				GCC_OPTIMIZATION_LEVEL = 0;
				GCC_PREPROCESSOR_DEFINITIONS = (
					"DEBUG=1",
					"$(inherited)",
				);
				GCC_WARN_64_TO_32_BIT_CONVERSION = YES;
				GCC_WARN_ABOUT_RETURN_TYPE = YES_ERROR;
				GCC_WARN_UNDECLARED_SELECTOR = YES;
				GCC_WARN_UNINITIALIZED_AUTOS = YES_AGGRESSIVE;
				GCC_WARN_UNUSED_FUNCTION = YES;
				GCC_WARN_UNUSED_VARIABLE = YES;
				IPHONEOS_DEPLOYMENT_TARGET = 14.0;
				MTL_ENABLE_DEBUG_INFO = INCLUDE_SOURCE;
				MTL_FAST_MATH = YES;
				ONLY_ACTIVE_ARCH = YES;
				SDKROOT = iphoneos;
				SWIFT_ACTIVE_COMPILATION_CONDITIONS = DEBUG;
				SWIFT_OPTIMIZATION_LEVEL = "-Onone";
			};
			name = Debug;
		};
		F8442D4D2A8BA8DB00A80BE7 /* Release */ = {
			isa = XCBuildConfiguration;
			buildSettings = {
				ALWAYS_SEARCH_USER_PATHS = NO;
				CLANG_ANALYZER_NONNULL = YES;
				CLANG_ANALYZER_NUMBER_OBJECT_CONVERSION = YES_AGGRESSIVE;
				CLANG_CXX_LANGUAGE_STANDARD = "gnu++20";
				CLANG_ENABLE_MODULES = YES;
				CLANG_ENABLE_OBJC_ARC = YES;
				CLANG_ENABLE_OBJC_WEAK = YES;
				CLANG_WARN_BLOCK_CAPTURE_AUTORELEASING = YES;
				CLANG_WARN_BOOL_CONVERSION = YES;
				CLANG_WARN_COMMA = YES;
				CLANG_WARN_CONSTANT_CONVERSION = YES;
				CLANG_WARN_DEPRECATED_OBJC_IMPLEMENTATIONS = YES;
				CLANG_WARN_DIRECT_OBJC_ISA_USAGE = YES_ERROR;
				CLANG_WARN_DOCUMENTATION_COMMENTS = YES;
				CLANG_WARN_EMPTY_BODY = YES;
				CLANG_WARN_ENUM_CONVERSION = YES;
				CLANG_WARN_INFINITE_RECURSION = YES;
				CLANG_WARN_INT_CONVERSION = YES;
				CLANG_WARN_NON_LITERAL_NULL_CONVERSION = YES;
				CLANG_WARN_OBJC_IMPLICIT_RETAIN_SELF = YES;
				CLANG_WARN_OBJC_LITERAL_CONVERSION = YES;
				CLANG_WARN_OBJC_ROOT_CLASS = YES_ERROR;
				CLANG_WARN_QUOTED_INCLUDE_IN_FRAMEWORK_HEADER = YES;
				CLANG_WARN_RANGE_LOOP_ANALYSIS = YES;
				CLANG_WARN_STRICT_PROTOTYPES = YES;
				CLANG_WARN_SUSPICIOUS_MOVE = YES;
				CLANG_WARN_UNGUARDED_AVAILABILITY = YES_AGGRESSIVE;
				CLANG_WARN_UNREACHABLE_CODE = YES;
				CLANG_WARN__DUPLICATE_METHOD_MATCH = YES;
				COPY_PHASE_STRIP = NO;
				DEBUG_INFORMATION_FORMAT = "dwarf-with-dsym";
				ENABLE_NS_ASSERTIONS = NO;
				ENABLE_STRICT_OBJC_MSGSEND = YES;
				GCC_C_LANGUAGE_STANDARD = gnu11;
				GCC_NO_COMMON_BLOCKS = YES;
				GCC_WARN_64_TO_32_BIT_CONVERSION = YES;
				GCC_WARN_ABOUT_RETURN_TYPE = YES_ERROR;
				GCC_WARN_UNDECLARED_SELECTOR = YES;
				GCC_WARN_UNINITIALIZED_AUTOS = YES_AGGRESSIVE;
				GCC_WARN_UNUSED_FUNCTION = YES;
				GCC_WARN_UNUSED_VARIABLE = YES;
				IPHONEOS_DEPLOYMENT_TARGET = 14.0;
				MTL_ENABLE_DEBUG_INFO = NO;
				MTL_FAST_MATH = YES;
				SDKROOT = iphoneos;
				SWIFT_COMPILATION_MODE = wholemodule;
				SWIFT_OPTIMIZATION_LEVEL = "-O";
				VALIDATE_PRODUCT = YES;
			};
			name = Release;
		};
		F8442D4F2A8BA8DB00A80BE7 /* Debug */ = {
			isa = XCBuildConfiguration;
			baseConfigurationReference = B6DAEC744A656C1ADDAC9305 /* Pods-CurrencyWave.debug.xcconfig */;
			buildSettings = {
				ASSETCATALOG_COMPILER_APPICON_NAME = AppIcon;
				ASSETCATALOG_COMPILER_GLOBAL_ACCENT_COLOR_NAME = AccentColor;
				CODE_SIGN_STYLE = Automatic;
				CURRENT_PROJECT_VERSION = 1;
				DEVELOPMENT_TEAM = T43M2RW9QP;
				GENERATE_INFOPLIST_FILE = YES;
				INFOPLIST_FILE = CurrencyWave/Info.plist;
				INFOPLIST_KEY_UIApplicationSupportsIndirectInputEvents = YES;
				INFOPLIST_KEY_UILaunchStoryboardName = LaunchScreen;
				INFOPLIST_KEY_UISupportedInterfaceOrientations_iPad = "UIInterfaceOrientationPortrait UIInterfaceOrientationPortraitUpsideDown UIInterfaceOrientationLandscapeLeft UIInterfaceOrientationLandscapeRight";
				INFOPLIST_KEY_UISupportedInterfaceOrientations_iPhone = "UIInterfaceOrientationPortrait UIInterfaceOrientationLandscapeLeft UIInterfaceOrientationLandscapeRight";
				IPHONEOS_DEPLOYMENT_TARGET = 14.0;
				LD_RUNPATH_SEARCH_PATHS = (
					"$(inherited)",
					"@executable_path/Frameworks",
				);
				MARKETING_VERSION = 1.0;
				PRODUCT_BUNDLE_IDENTIFIER = mganeeva.CurrencyWave;
				PRODUCT_NAME = "$(TARGET_NAME)";
				SUPPORTED_PLATFORMS = "iphoneos iphonesimulator";
				SUPPORTS_MACCATALYST = NO;
				SUPPORTS_MAC_DESIGNED_FOR_IPHONE_IPAD = NO;
				SWIFT_EMIT_LOC_STRINGS = YES;
				SWIFT_VERSION = 5.0;
				TARGETED_DEVICE_FAMILY = "1,2";
			};
			name = Debug;
		};
		F8442D502A8BA8DB00A80BE7 /* Release */ = {
			isa = XCBuildConfiguration;
			baseConfigurationReference = 0C7A05E59F7F8CEB37A60220 /* Pods-CurrencyWave.release.xcconfig */;
			buildSettings = {
				ASSETCATALOG_COMPILER_APPICON_NAME = AppIcon;
				ASSETCATALOG_COMPILER_GLOBAL_ACCENT_COLOR_NAME = AccentColor;
				CODE_SIGN_STYLE = Automatic;
				CURRENT_PROJECT_VERSION = 1;
				DEVELOPMENT_TEAM = T43M2RW9QP;
				GENERATE_INFOPLIST_FILE = YES;
				INFOPLIST_FILE = CurrencyWave/Info.plist;
				INFOPLIST_KEY_UIApplicationSupportsIndirectInputEvents = YES;
				INFOPLIST_KEY_UILaunchStoryboardName = LaunchScreen;
				INFOPLIST_KEY_UISupportedInterfaceOrientations_iPad = "UIInterfaceOrientationPortrait UIInterfaceOrientationPortraitUpsideDown UIInterfaceOrientationLandscapeLeft UIInterfaceOrientationLandscapeRight";
				INFOPLIST_KEY_UISupportedInterfaceOrientations_iPhone = "UIInterfaceOrientationPortrait UIInterfaceOrientationLandscapeLeft UIInterfaceOrientationLandscapeRight";
				IPHONEOS_DEPLOYMENT_TARGET = 14.0;
				LD_RUNPATH_SEARCH_PATHS = (
					"$(inherited)",
					"@executable_path/Frameworks",
				);
				MARKETING_VERSION = 1.0;
				PRODUCT_BUNDLE_IDENTIFIER = mganeeva.CurrencyWave;
				PRODUCT_NAME = "$(TARGET_NAME)";
				SUPPORTED_PLATFORMS = "iphoneos iphonesimulator";
				SUPPORTS_MACCATALYST = NO;
				SUPPORTS_MAC_DESIGNED_FOR_IPHONE_IPAD = NO;
				SWIFT_EMIT_LOC_STRINGS = YES;
				SWIFT_VERSION = 5.0;
				TARGETED_DEVICE_FAMILY = "1,2";
			};
			name = Release;
		};
/* End XCBuildConfiguration section */

/* Begin XCConfigurationList section */
		F8442D352A8BA8DA00A80BE7 /* Build configuration list for PBXProject "CurrencyWave" */ = {
			isa = XCConfigurationList;
			buildConfigurations = (
				F8442D4C2A8BA8DB00A80BE7 /* Debug */,
				F8442D4D2A8BA8DB00A80BE7 /* Release */,
			);
			defaultConfigurationIsVisible = 0;
			defaultConfigurationName = Release;
		};
		F8442D4E2A8BA8DB00A80BE7 /* Build configuration list for PBXNativeTarget "CurrencyWave" */ = {
			isa = XCConfigurationList;
			buildConfigurations = (
				F8442D4F2A8BA8DB00A80BE7 /* Debug */,
				F8442D502A8BA8DB00A80BE7 /* Release */,
			);
			defaultConfigurationIsVisible = 0;
			defaultConfigurationName = Release;
		};
/* End XCConfigurationList section */
	};
	rootObject = F8442D322A8BA8DA00A80BE7 /* Project object */;
}
